
Microsoft Visual Studio Solution File, Format Version 12.00
# Visual Studio Version 16
VisualStudioVersion = 16.0.30002.166
MinimumVisualStudioVersion = 10.0.40219.1
Project("{FAE04EC0-301F-11D3-BF4B-00C04F79EFBC}") = "MyRFPSubscriptions.UWP", "MyRFPSubscriptions\MyRFPSubscriptions.UWP\MyRFPSubscriptions.UWP.csproj", "{35AE1B51-F6D8-41DF-BA3A-E8ABE32FC8FB}"
EndProject
Project("{FAE04EC0-301F-11D3-BF4B-00C04F79EFBC}") = "MyRFPSubscriptions.Android", "MyRFPSubscriptions\MyRFPSubscriptions.Android\MyRFPSubscriptions.Android.csproj", "{13ACA610-011A-44E7-84EF-B28211DB6980}"
EndProject
Project("{FAE04EC0-301F-11D3-BF4B-00C04F79EFBC}") = "MyRFPSubscriptions.iOS", "MyRFPSubscriptions\MyRFPSubscriptions.iOS\MyRFPSubscriptions.iOS.csproj", "{7AAA73A6-D1F3-43D8-8FB3-DA7F625C37C2}"
EndProject
Project("{FAE04EC0-301F-11D3-BF4B-00C04F79EFBC}") = "MyRFPSubscriptions", "MyRFPSubscriptions\MyRFPSubscriptions\MyRFPSubscriptions.csproj", "{A2FCF87A-4F75-417F-B465-0402C94B012C}"
EndProject
Global
	GlobalSection(SolutionConfigurationPlatforms) = preSolution
		Debug|Any CPU = Debug|Any CPU
		Debug|ARM = Debug|ARM
		Debug|iPhone = Debug|iPhone
		Debug|iPhoneSimulator = Debug|iPhoneSimulator
		Debug|x64 = Debug|x64
		Debug|x86 = Debug|x86
		Release|Any CPU = Release|Any CPU
		Release|ARM = Release|ARM
		Release|iPhone = Release|iPhone
		Release|iPhoneSimulator = Release|iPhoneSimulator
		Release|x64 = Release|x64
		Release|x86 = Release|x86
	EndGlobalSection
	GlobalSection(ProjectConfigurationPlatforms) = postSolution
		{35AE1B51-F6D8-41DF-BA3A-E8ABE32FC8FB}.Debug|Any CPU.ActiveCfg = Debug|x86
		{35AE1B51-F6D8-41DF-BA3A-E8ABE32FC8FB}.Debug|Any CPU.Build.0 = Debug|x86
		{35AE1B51-F6D8-41DF-BA3A-E8ABE32FC8FB}.Debug|Any CPU.Deploy.0 = Debug|x86
		{35AE1B51-F6D8-41DF-BA3A-E8ABE32FC8FB}.Debug|ARM.ActiveCfg = Debug|ARM
		{35AE1B51-F6D8-41DF-BA3A-E8ABE32FC8FB}.Debug|ARM.Build.0 = Debug|ARM
		{35AE1B51-F6D8-41DF-BA3A-E8ABE32FC8FB}.Debug|ARM.Deploy.0 = Debug|ARM
		{35AE1B51-F6D8-41DF-BA3A-E8ABE32FC8FB}.Debug|iPhone.ActiveCfg = Debug|x86
		{35AE1B51-F6D8-41DF-BA3A-E8ABE32FC8FB}.Debug|iPhone.Build.0 = Debug|x86
		{35AE1B51-F6D8-41DF-BA3A-E8ABE32FC8FB}.Debug|iPhone.Deploy.0 = Debug|x86
		{35AE1B51-F6D8-41DF-BA3A-E8ABE32FC8FB}.Debug|iPhoneSimulator.ActiveCfg = Debug|x86
		{35AE1B51-F6D8-41DF-BA3A-E8ABE32FC8FB}.Debug|iPhoneSimulator.Build.0 = Debug|x86
		{35AE1B51-F6D8-41DF-BA3A-E8ABE32FC8FB}.Debug|iPhoneSimulator.Deploy.0 = Debug|x86
		{35AE1B51-F6D8-41DF-BA3A-E8ABE32FC8FB}.Debug|x64.ActiveCfg = Debug|x64
		{35AE1B51-F6D8-41DF-BA3A-E8ABE32FC8FB}.Debug|x64.Build.0 = Debug|x64
		{35AE1B51-F6D8-41DF-BA3A-E8ABE32FC8FB}.Debug|x64.Deploy.0 = Debug|x64
		{35AE1B51-F6D8-41DF-BA3A-E8ABE32FC8FB}.Debug|x86.ActiveCfg = Debug|x86
		{35AE1B51-F6D8-41DF-BA3A-E8ABE32FC8FB}.Debug|x86.Build.0 = Debug|x86
		{35AE1B51-F6D8-41DF-BA3A-E8ABE32FC8FB}.Debug|x86.Deploy.0 = Debug|x86
		{35AE1B51-F6D8-41DF-BA3A-E8ABE32FC8FB}.Release|Any CPU.ActiveCfg = Release|x86
		{35AE1B51-F6D8-41DF-BA3A-E8ABE32FC8FB}.Release|Any CPU.Build.0 = Release|x86
		{35AE1B51-F6D8-41DF-BA3A-E8ABE32FC8FB}.Release|Any CPU.Deploy.0 = Release|x86
		{35AE1B51-F6D8-41DF-BA3A-E8ABE32FC8FB}.Release|ARM.ActiveCfg = Release|ARM
		{35AE1B51-F6D8-41DF-BA3A-E8ABE32FC8FB}.Release|ARM.Build.0 = Release|ARM
		{35AE1B51-F6D8-41DF-BA3A-E8ABE32FC8FB}.Release|ARM.Deploy.0 = Release|ARM
		{35AE1B51-F6D8-41DF-BA3A-E8ABE32FC8FB}.Release|iPhone.ActiveCfg = Release|x86
		{35AE1B51-F6D8-41DF-BA3A-E8ABE32FC8FB}.Release|iPhone.Build.0 = Release|x86
		{35AE1B51-F6D8-41DF-BA3A-E8ABE32FC8FB}.Release|iPhone.Deploy.0 = Release|x86
		{35AE1B51-F6D8-41DF-BA3A-E8ABE32FC8FB}.Release|iPhoneSimulator.ActiveCfg = Release|x86
		{35AE1B51-F6D8-41DF-BA3A-E8ABE32FC8FB}.Release|iPhoneSimulator.Build.0 = Release|x86
		{35AE1B51-F6D8-41DF-BA3A-E8ABE32FC8FB}.Release|iPhoneSimulator.Deploy.0 = Release|x86
		{35AE1B51-F6D8-41DF-BA3A-E8ABE32FC8FB}.Release|x64.ActiveCfg = Release|x64
		{35AE1B51-F6D8-41DF-BA3A-E8ABE32FC8FB}.Release|x64.Build.0 = Release|x64
		{35AE1B51-F6D8-41DF-BA3A-E8ABE32FC8FB}.Release|x64.Deploy.0 = Release|x64
		{35AE1B51-F6D8-41DF-BA3A-E8ABE32FC8FB}.Release|x86.ActiveCfg = Release|x86
		{35AE1B51-F6D8-41DF-BA3A-E8ABE32FC8FB}.Release|x86.Build.0 = Release|x86
		{35AE1B51-F6D8-41DF-BA3A-E8ABE32FC8FB}.Release|x86.Deploy.0 = Release|x86
		{13ACA610-011A-44E7-84EF-B28211DB6980}.Debug|Any CPU.ActiveCfg = Debug|Any CPU
		{13ACA610-011A-44E7-84EF-B28211DB6980}.Debug|Any CPU.Build.0 = Debug|Any CPU
		{13ACA610-011A-44E7-84EF-B28211DB6980}.Debug|Any CPU.Deploy.0 = Debug|Any CPU
		{13ACA610-011A-44E7-84EF-B28211DB6980}.Debug|ARM.ActiveCfg = Debug|Any CPU
		{13ACA610-011A-44E7-84EF-B28211DB6980}.Debug|ARM.Build.0 = Debug|Any CPU
		{13ACA610-011A-44E7-84EF-B28211DB6980}.Debug|ARM.Deploy.0 = Debug|Any CPU
		{13ACA610-011A-44E7-84EF-B28211DB6980}.Debug|iPhone.ActiveCfg = Debug|Any CPU
		{13ACA610-011A-44E7-84EF-B28211DB6980}.Debug|iPhone.Build.0 = Debug|Any CPU
		{13ACA610-011A-44E7-84EF-B28211DB6980}.Debug|iPhone.Deploy.0 = Debug|Any CPU
		{13ACA610-011A-44E7-84EF-B28211DB6980}.Debug|iPhoneSimulator.ActiveCfg = Debug|Any CPU
		{13ACA610-011A-44E7-84EF-B28211DB6980}.Debug|iPhoneSimulator.Build.0 = Debug|Any CPU
		{13ACA610-011A-44E7-84EF-B28211DB6980}.Debug|iPhoneSimulator.Deploy.0 = Debug|Any CPU
		{13ACA610-011A-44E7-84EF-B28211DB6980}.Debug|x64.ActiveCfg = Debug|Any CPU
		{13ACA610-011A-44E7-84EF-B28211DB6980}.Debug|x64.Build.0 = Debug|Any CPU
		{13ACA610-011A-44E7-84EF-B28211DB6980}.Debug|x64.Deploy.0 = Debug|Any CPU
		{13ACA610-011A-44E7-84EF-B28211DB6980}.Debug|x86.ActiveCfg = Debug|Any CPU
		{13ACA610-011A-44E7-84EF-B28211DB6980}.Debug|x86.Build.0 = Debug|Any CPU
		{13ACA610-011A-44E7-84EF-B28211DB6980}.Debug|x86.Deploy.0 = Debug|Any CPU
		{13ACA610-011A-44E7-84EF-B28211DB6980}.Release|Any CPU.ActiveCfg = Release|Any CPU
		{13ACA610-011A-44E7-84EF-B28211DB6980}.Release|Any CPU.Build.0 = Release|Any CPU
		{13ACA610-011A-44E7-84EF-B28211DB6980}.Release|Any CPU.Deploy.0 = Release|Any CPU
		{13ACA610-011A-44E7-84EF-B28211DB6980}.Release|ARM.ActiveCfg = Release|Any CPU
		{13ACA610-011A-44E7-84EF-B28211DB6980}.Release|ARM.Build.0 = Release|Any CPU
		{13ACA610-011A-44E7-84EF-B28211DB6980}.Release|ARM.Deploy.0 = Release|Any CPU
		{13ACA610-011A-44E7-84EF-B28211DB6980}.Release|iPhone.ActiveCfg = Release|Any CPU
		{13ACA610-011A-44E7-84EF-B28211DB6980}.Release|iPhone.Build.0 = Release|Any CPU
		{13ACA610-011A-44E7-84EF-B28211DB6980}.Release|iPhone.Deploy.0 = Release|Any CPU
		{13ACA610-011A-44E7-84EF-B28211DB6980}.Release|iPhoneSimulator.ActiveCfg = Release|Any CPU
		{13ACA610-011A-44E7-84EF-B28211DB6980}.Release|iPhoneSimulator.Build.0 = Release|Any CPU
		{13ACA610-011A-44E7-84EF-B28211DB6980}.Release|iPhoneSimulator.Deploy.0 = Release|Any CPU
		{13ACA610-011A-44E7-84EF-B28211DB6980}.Release|x64.ActiveCfg = Release|Any CPU
		{13ACA610-011A-44E7-84EF-B28211DB6980}.Release|x64.Build.0 = Release|Any CPU
		{13ACA610-011A-44E7-84EF-B28211DB6980}.Release|x64.Deploy.0 = Release|Any CPU
		{13ACA610-011A-44E7-84EF-B28211DB6980}.Release|x86.ActiveCfg = Release|Any CPU
		{13ACA610-011A-44E7-84EF-B28211DB6980}.Release|x86.Build.0 = Release|Any CPU
		{13ACA610-011A-44E7-84EF-B28211DB6980}.Release|x86.Deploy.0 = Release|Any CPU
		{7AAA73A6-D1F3-43D8-8FB3-DA7F625C37C2}.Debug|Any CPU.ActiveCfg = Debug|iPhone
		{7AAA73A6-D1F3-43D8-8FB3-DA7F625C37C2}.Debug|Any CPU.Build.0 = Debug|iPhone
		{7AAA73A6-D1F3-43D8-8FB3-DA7F625C37C2}.Debug|Any CPU.Deploy.0 = Debug|iPhone
		{7AAA73A6-D1F3-43D8-8FB3-DA7F625C37C2}.Debug|ARM.ActiveCfg = Debug|iPhone
		{7AAA73A6-D1F3-43D8-8FB3-DA7F625C37C2}.Debug|ARM.Build.0 = Debug|iPhone
		{7AAA73A6-D1F3-43D8-8FB3-DA7F625C37C2}.Debug|ARM.Deploy.0 = Debug|iPhone
		{7AAA73A6-D1F3-43D8-8FB3-DA7F625C37C2}.Debug|iPhone.ActiveCfg = Debug|iPhone
		{7AAA73A6-D1F3-43D8-8FB3-DA7F625C37C2}.Debug|iPhone.Build.0 = Debug|iPhone
		{7AAA73A6-D1F3-43D8-8FB3-DA7F625C37C2}.Debug|iPhone.Deploy.0 = Debug|iPhone
		{7AAA73A6-D1F3-43D8-8FB3-DA7F625C37C2}.Debug|iPhoneSimulator.ActiveCfg = Debug|iPhoneSimulator
		{7AAA73A6-D1F3-43D8-8FB3-DA7F625C37C2}.Debug|iPhoneSimulator.Build.0 = Debug|iPhoneSimulator
		{7AAA73A6-D1F3-43D8-8FB3-DA7F625C37C2}.Debug|iPhoneSimulator.Deploy.0 = Debug|iPhoneSimulator
		{7AAA73A6-D1F3-43D8-8FB3-DA7F625C37C2}.Debug|x64.ActiveCfg = Debug|iPhone
		{7AAA73A6-D1F3-43D8-8FB3-DA7F625C37C2}.Debug|x64.Build.0 = Debug|iPhone
		{7AAA73A6-D1F3-43D8-8FB3-DA7F625C37C2}.Debug|x64.Deploy.0 = Debug|iPhone
		{7AAA73A6-D1F3-43D8-8FB3-DA7F625C37C2}.Debug|x86.ActiveCfg = Debug|iPhone
		{7AAA73A6-D1F3-43D8-8FB3-DA7F625C37C2}.Debug|x86.Build.0 = Debug|iPhone
		{7AAA73A6-D1F3-43D8-8FB3-DA7F625C37C2}.Debug|x86.Deploy.0 = Debug|iPhone
		{7AAA73A6-D1F3-43D8-8FB3-DA7F625C37C2}.Release|Any CPU.ActiveCfg = Release|iPhone
		{7AAA73A6-D1F3-43D8-8FB3-DA7F625C37C2}.Release|Any CPU.Build.0 = Release|iPhone
		{7AAA73A6-D1F3-43D8-8FB3-DA7F625C37C2}.Release|Any CPU.Deploy.0 = Release|iPhone
		{7AAA73A6-D1F3-43D8-8FB3-DA7F625C37C2}.Release|ARM.ActiveCfg = Release|iPhone
		{7AAA73A6-D1F3-43D8-8FB3-DA7F625C37C2}.Release|ARM.Build.0 = Release|iPhone
		{7AAA73A6-D1F3-43D8-8FB3-DA7F625C37C2}.Release|ARM.Deploy.0 = Release|iPhone
		{7AAA73A6-D1F3-43D8-8FB3-DA7F625C37C2}.Release|iPhone.ActiveCfg = Release|iPhone
		{7AAA73A6-D1F3-43D8-8FB3-DA7F625C37C2}.Release|iPhone.Build.0 = Release|iPhone
		{7AAA73A6-D1F3-43D8-8FB3-DA7F625C37C2}.Release|iPhone.Deploy.0 = Release|iPhone
		{7AAA73A6-D1F3-43D8-8FB3-DA7F625C37C2}.Release|iPhoneSimulator.ActiveCfg = Release|iPhoneSimulator
		{7AAA73A6-D1F3-43D8-8FB3-DA7F625C37C2}.Release|iPhoneSimulator.Build.0 = Release|iPhoneSimulator
		{7AAA73A6-D1F3-43D8-8FB3-DA7F625C37C2}.Release|iPhoneSimulator.Deploy.0 = Release|iPhoneSimulator
		{7AAA73A6-D1F3-43D8-8FB3-DA7F625C37C2}.Release|x64.ActiveCfg = Release|iPhone
		{7AAA73A6-D1F3-43D8-8FB3-DA7F625C37C2}.Release|x64.Build.0 = Release|iPhone
		{7AAA73A6-D1F3-43D8-8FB3-DA7F625C37C2}.Release|x64.Deploy.0 = Release|iPhone
		{7AAA73A6-D1F3-43D8-8FB3-DA7F625C37C2}.Release|x86.ActiveCfg = Release|iPhone
		{7AAA73A6-D1F3-43D8-8FB3-DA7F625C37C2}.Release|x86.Build.0 = Release|iPhone
		{7AAA73A6-D1F3-43D8-8FB3-DA7F625C37C2}.Release|x86.Deploy.0 = Release|iPhone
		{A2FCF87A-4F75-417F-B465-0402C94B012C}.Debug|Any CPU.ActiveCfg = Debug|Any CPU
		{A2FCF87A-4F75-417F-B465-0402C94B012C}.Debug|Any CPU.Build.0 = Debug|Any CPU
		{A2FCF87A-4F75-417F-B465-0402C94B012C}.Debug|Any CPU.Deploy.0 = Debug|Any CPU
		{A2FCF87A-4F75-417F-B465-0402C94B012C}.Debug|ARM.ActiveCfg = Debug|Any CPU
		{A2FCF87A-4F75-417F-B465-0402C94B012C}.Debug|ARM.Build.0 = Debug|Any CPU
		{A2FCF87A-4F75-417F-B465-0402C94B012C}.Debug|ARM.Deploy.0 = Debug|Any CPU
		{A2FCF87A-4F75-417F-B465-0402C94B012C}.Debug|iPhone.ActiveCfg = Debug|Any CPU
		{A2FCF87A-4F75-417F-B465-0402C94B012C}.Debug|iPhone.Build.0 = Debug|Any CPU
		{A2FCF87A-4F75-417F-B465-0402C94B012C}.Debug|iPhone.Deploy.0 = Debug|Any CPU
		{A2FCF87A-4F75-417F-B465-0402C94B012C}.Debug|iPhoneSimulator.ActiveCfg = Debug|Any CPU
		{A2FCF87A-4F75-417F-B465-0402C94B012C}.Debug|iPhoneSimulator.Build.0 = Debug|Any CPU
		{A2FCF87A-4F75-417F-B465-0402C94B012C}.Debug|iPhoneSimulator.Deploy.0 = Debug|Any CPU
		{A2FCF87A-4F75-417F-B465-0402C94B012C}.Debug|x64.ActiveCfg = Debug|Any CPU
		{A2FCF87A-4F75-417F-B465-0402C94B012C}.Debug|x64.Build.0 = Debug|Any CPU
		{A2FCF87A-4F75-417F-B465-0402C94B012C}.Debug|x64.Deploy.0 = Debug|Any CPU
		{A2FCF87A-4F75-417F-B465-0402C94B012C}.Debug|x86.ActiveCfg = Debug|Any CPU
		{A2FCF87A-4F75-417F-B465-0402C94B012C}.Debug|x86.Build.0 = Debug|Any CPU
		{A2FCF87A-4F75-417F-B465-0402C94B012C}.Debug|x86.Deploy.0 = Debug|Any CPU
		{A2FCF87A-4F75-417F-B465-0402C94B012C}.Release|Any CPU.ActiveCfg = Release|Any CPU
		{A2FCF87A-4F75-417F-B465-0402C94B012C}.Release|Any CPU.Build.0 = Release|Any CPU
		{A2FCF87A-4F75-417F-B465-0402C94B012C}.Release|Any CPU.Deploy.0 = Release|Any CPU
		{A2FCF87A-4F75-417F-B465-0402C94B012C}.Release|ARM.ActiveCfg = Release|Any CPU
		{A2FCF87A-4F75-417F-B465-0402C94B012C}.Release|ARM.Build.0 = Release|Any CPU
		{A2FCF87A-4F75-417F-B465-0402C94B012C}.Release|ARM.Deploy.0 = Release|Any CPU
		{A2FCF87A-4F75-417F-B465-0402C94B012C}.Release|iPhone.ActiveCfg = Release|Any CPU
		{A2FCF87A-4F75-417F-B465-0402C94B012C}.Release|iPhone.Build.0 = Release|Any CPU
		{A2FCF87A-4F75-417F-B465-0402C94B012C}.Release|iPhone.Deploy.0 = Release|Any CPU
		{A2FCF87A-4F75-417F-B465-0402C94B012C}.Release|iPhoneSimulator.ActiveCfg = Release|Any CPU
		{A2FCF87A-4F75-417F-B465-0402C94B012C}.Release|iPhoneSimulator.Build.0 = Release|Any CPU
		{A2FCF87A-4F75-417F-B465-0402C94B012C}.Release|iPhoneSimulator.Deploy.0 = Release|Any CPU
		{A2FCF87A-4F75-417F-B465-0402C94B012C}.Release|x64.ActiveCfg = Release|Any CPU
		{A2FCF87A-4F75-417F-B465-0402C94B012C}.Release|x64.Build.0 = Release|Any CPU
		{A2FCF87A-4F75-417F-B465-0402C94B012C}.Release|x64.Deploy.0 = Release|Any CPU
		{A2FCF87A-4F75-417F-B465-0402C94B012C}.Release|x86.ActiveCfg = Release|Any CPU
		{A2FCF87A-4F75-417F-B465-0402C94B012C}.Release|x86.Build.0 = Release|Any CPU
		{A2FCF87A-4F75-417F-B465-0402C94B012C}.Release|x86.Deploy.0 = Release|Any CPU
	EndGlobalSection
	GlobalSection(SolutionProperties) = preSolution
		HideSolutionNode = FALSE
	EndGlobalSection
	GlobalSection(ExtensibilityGlobals) = postSolution
		SolutionGuid = {14530F91-F8FE-4AC3-BB25-F45661AC791B}
	EndGlobalSection
EndGlobal
